
Microsoft Visual Studio Solution File, Format Version 12.00
# Visual Studio Version 16
VisualStudioVersion = 16.0.30517.126
MinimumVisualStudioVersion = 10.0.40219.1
Project("{9A19103F-16F7-4668-BE54-9A1E7A4F7556}") = "CykelLib", "CykelLib\CykelLib.csproj", "{6D574493-1F26-4567-BE3B-F49C01167E0F}"
EndProject
Project("{9A19103F-16F7-4668-BE54-9A1E7A4F7556}") = "CykelTests", "CykelTests\CykelTests.csproj", "{CEE2E960-07B3-4174-ADBE-537A700CD5AC}"
EndProject
Project("{9A19103F-16F7-4668-BE54-9A1E7A4F7556}") = "CykelREST", "CykelREST\CykelREST.csproj", "{BB16A71E-F722-4032-A89E-6C29D1386805}"
EndProject
Project("{FAE04EC0-301F-11D3-BF4B-00C04F79EFBC}") = "JsonServer", "JsonServer\JsonServer.csproj", "{2323F08C-F78C-4604-941F-BDDEE047A68D}"
EndProject
Project("{FAE04EC0-301F-11D3-BF4B-00C04F79EFBC}") = "JsonClient", "JsonClient\JsonClient.csproj", "{A07A9BAC-3547-4246-A199-8895604EB2FF}"
EndProject
Global
	GlobalSection(SolutionConfigurationPlatforms) = preSolution
		Debug|Any CPU = Debug|Any CPU
		Release|Any CPU = Release|Any CPU
	EndGlobalSection
	GlobalSection(ProjectConfigurationPlatforms) = postSolution
		{6D574493-1F26-4567-BE3B-F49C01167E0F}.Debug|Any CPU.ActiveCfg = Debug|Any CPU
		{6D574493-1F26-4567-BE3B-F49C01167E0F}.Debug|Any CPU.Build.0 = Debug|Any CPU
		{6D574493-1F26-4567-BE3B-F49C01167E0F}.Release|Any CPU.ActiveCfg = Release|Any CPU
		{6D574493-1F26-4567-BE3B-F49C01167E0F}.Release|Any CPU.Build.0 = Release|Any CPU
		{CEE2E960-07B3-4174-ADBE-537A700CD5AC}.Debug|Any CPU.ActiveCfg = Debug|Any CPU
		{CEE2E960-07B3-4174-ADBE-537A700CD5AC}.Debug|Any CPU.Build.0 = Debug|Any CPU
		{CEE2E960-07B3-4174-ADBE-537A700CD5AC}.Release|Any CPU.ActiveCfg = Release|Any CPU
		{CEE2E960-07B3-4174-ADBE-537A700CD5AC}.Release|Any CPU.Build.0 = Release|Any CPU
		{BB16A71E-F722-4032-A89E-6C29D1386805}.Debug|Any CPU.ActiveCfg = Debug|Any CPU
		{BB16A71E-F722-4032-A89E-6C29D1386805}.Debug|Any CPU.Build.0 = Debug|Any CPU
		{BB16A71E-F722-4032-A89E-6C29D1386805}.Release|Any CPU.ActiveCfg = Release|Any CPU
		{BB16A71E-F722-4032-A89E-6C29D1386805}.Release|Any CPU.Build.0 = Release|Any CPU
		{2323F08C-F78C-4604-941F-BDDEE047A68D}.Debug|Any CPU.ActiveCfg = Debug|Any CPU
		{2323F08C-F78C-4604-941F-BDDEE047A68D}.Debug|Any CPU.Build.0 = Debug|Any CPU
		{2323F08C-F78C-4604-941F-BDDEE047A68D}.Release|Any CPU.ActiveCfg = Release|Any CPU
		{2323F08C-F78C-4604-941F-BDDEE047A68D}.Release|Any CPU.Build.0 = Release|Any CPU
		{A07A9BAC-3547-4246-A199-8895604EB2FF}.Debug|Any CPU.ActiveCfg = Debug|Any CPU
		{A07A9BAC-3547-4246-A199-8895604EB2FF}.Debug|Any CPU.Build.0 = Debug|Any CPU
		{A07A9BAC-3547-4246-A199-8895604EB2FF}.Release|Any CPU.ActiveCfg = Release|Any CPU
		{A07A9BAC-3547-4246-A199-8895604EB2FF}.Release|Any CPU.Build.0 = Release|Any CPU
	EndGlobalSection
	GlobalSection(SolutionProperties) = preSolution
		HideSolutionNode = FALSE
	EndGlobalSection
	GlobalSection(ExtensibilityGlobals) = postSolution
		SolutionGuid = {2EF88FC8-4510-45BB-BD6E-66E28208C2E9}
	EndGlobalSection
EndGlobal
